
Microsoft Visual Studio Solution File, Format Version 12.00
# Visual Studio Version 17
VisualStudioVersion = 17.10.34928.147
MinimumVisualStudioVersion = 10.0.40219.1
Project("{FAE04EC0-301F-11D3-BF4B-00C04F79EFBC}") = "Sorting", "Sorting.csproj", "{9920AD1E-3973-4EDA-99F1-4A92C7ED7E9A}"
EndProject
Global
	GlobalSection(SolutionConfigurationPlatforms) = preSolution
		Debug|Any CPU = Debug|Any CPU
		Release|Any CPU = Release|Any CPU
	EndGlobalSection
	GlobalSection(ProjectConfigurationPlatforms) = postSolution
		{9920AD1E-3973-4EDA-99F1-4A92C7ED7E9A}.Debug|Any CPU.ActiveCfg = Debug|Any CPU
		{9920AD1E-3973-4EDA-99F1-4A92C7ED7E9A}.Debug|Any CPU.Build.0 = Debug|Any CPU
		{9920AD1E-3973-4EDA-99F1-4A92C7ED7E9A}.Release|Any CPU.ActiveCfg = Release|Any CPU
		{9920AD1E-3973-4EDA-99F1-4A92C7ED7E9A}.Release|Any CPU.Build.0 = Release|Any CPU
	EndGlobalSection
	GlobalSection(SolutionProperties) = preSolution
		HideSolutionNode = FALSE
	EndGlobalSection
	GlobalSection(ExtensibilityGlobals) = postSolution
		SolutionGuid = {D8342BCD-9642-4342-8B39-89B86E83F135}
	EndGlobalSection
EndGlobal
